
Microsoft Visual Studio Solution File, Format Version 12.00
# Visual Studio Version 16
VisualStudioVersion = 16.0.33214.272
MinimumVisualStudioVersion = 10.0.40219.1
Project("{FAE04EC0-301F-11D3-BF4B-00C04F79EFBC}") = "exercicio(VETOR-QUESTAO-7)", "exercicio(VETOR-QUESTAO-7).csproj", "{FE0CA7E2-73A9-4D60-9DCA-95E436D4D123}"
EndProject
Global
	GlobalSection(SolutionConfigurationPlatforms) = preSolution
		Debug|Any CPU = Debug|Any CPU
		Release|Any CPU = Release|Any CPU
	EndGlobalSection
	GlobalSection(ProjectConfigurationPlatforms) = postSolution
		{FE0CA7E2-73A9-4D60-9DCA-95E436D4D123}.Debug|Any CPU.ActiveCfg = Debug|Any CPU
		{FE0CA7E2-73A9-4D60-9DCA-95E436D4D123}.Debug|Any CPU.Build.0 = Debug|Any CPU
		{FE0CA7E2-73A9-4D60-9DCA-95E436D4D123}.Release|Any CPU.ActiveCfg = Release|Any CPU
		{FE0CA7E2-73A9-4D60-9DCA-95E436D4D123}.Release|Any CPU.Build.0 = Release|Any CPU
	EndGlobalSection
	GlobalSection(SolutionProperties) = preSolution
		HideSolutionNode = FALSE
	EndGlobalSection
	GlobalSection(ExtensibilityGlobals) = postSolution
		SolutionGuid = {709813C4-A7ED-4A54-8FBC-2C26E116B7A3}
	EndGlobalSection
EndGlobal
