
Microsoft Visual Studio Solution File, Format Version 12.00
# Visual Studio Version 16
VisualStudioVersion = 16.0.33214.272
MinimumVisualStudioVersion = 10.0.40219.1
Project("{FAE04EC0-301F-11D3-BF4B-00C04F79EFBC}") = "exercicio38(QUADRADODEPARES)", "exercicio38(QUADRADODEPARES).csproj", "{1DECCDFB-1EE0-4343-A793-359A5C9EFAC8}"
EndProject
Global
	GlobalSection(SolutionConfigurationPlatforms) = preSolution
		Debug|Any CPU = Debug|Any CPU
		Release|Any CPU = Release|Any CPU
	EndGlobalSection
	GlobalSection(ProjectConfigurationPlatforms) = postSolution
		{1DECCDFB-1EE0-4343-A793-359A5C9EFAC8}.Debug|Any CPU.ActiveCfg = Debug|Any CPU
		{1DECCDFB-1EE0-4343-A793-359A5C9EFAC8}.Debug|Any CPU.Build.0 = Debug|Any CPU
		{1DECCDFB-1EE0-4343-A793-359A5C9EFAC8}.Release|Any CPU.ActiveCfg = Release|Any CPU
		{1DECCDFB-1EE0-4343-A793-359A5C9EFAC8}.Release|Any CPU.Build.0 = Release|Any CPU
	EndGlobalSection
	GlobalSection(SolutionProperties) = preSolution
		HideSolutionNode = FALSE
	EndGlobalSection
	GlobalSection(ExtensibilityGlobals) = postSolution
		SolutionGuid = {48FC888F-88F6-4E02-A3FC-7AB4B8E0F7CD}
	EndGlobalSection
EndGlobal
