
Microsoft Visual Studio Solution File, Format Version 12.00
# Visual Studio Version 16
VisualStudioVersion = 16.0.33214.272
MinimumVisualStudioVersion = 10.0.40219.1
Project("{FAE04EC0-301F-11D3-BF4B-00C04F79EFBC}") = "exercicio22(MUTIPLOS)", "exercicio22(MUTIPLOS).csproj", "{03C71AA3-6C64-44C8-AD2A-EFFA7A2CE706}"
EndProject
Global
	GlobalSection(SolutionConfigurationPlatforms) = preSolution
		Debug|Any CPU = Debug|Any CPU
		Release|Any CPU = Release|Any CPU
	EndGlobalSection
	GlobalSection(ProjectConfigurationPlatforms) = postSolution
		{03C71AA3-6C64-44C8-AD2A-EFFA7A2CE706}.Debug|Any CPU.ActiveCfg = Debug|Any CPU
		{03C71AA3-6C64-44C8-AD2A-EFFA7A2CE706}.Debug|Any CPU.Build.0 = Debug|Any CPU
		{03C71AA3-6C64-44C8-AD2A-EFFA7A2CE706}.Release|Any CPU.ActiveCfg = Release|Any CPU
		{03C71AA3-6C64-44C8-AD2A-EFFA7A2CE706}.Release|Any CPU.Build.0 = Release|Any CPU
	EndGlobalSection
	GlobalSection(SolutionProperties) = preSolution
		HideSolutionNode = FALSE
	EndGlobalSection
	GlobalSection(ExtensibilityGlobals) = postSolution
		SolutionGuid = {DA7569E0-D8AF-4797-A9C4-AE9715ADA777}
	EndGlobalSection
EndGlobal
