
Microsoft Visual Studio Solution File, Format Version 12.00
# Visual Studio Version 16
VisualStudioVersion = 16.0.33214.272
MinimumVisualStudioVersion = 10.0.40219.1
Project("{FAE04EC0-301F-11D3-BF4B-00C04F79EFBC}") = "exercicio(VETOR-QUESTAO-9)", "exercicio(VETOR-QUESTAO-9).csproj", "{AE41B6CA-07DC-4C15-AE79-30EFE66F0043}"
EndProject
Global
	GlobalSection(SolutionConfigurationPlatforms) = preSolution
		Debug|Any CPU = Debug|Any CPU
		Release|Any CPU = Release|Any CPU
	EndGlobalSection
	GlobalSection(ProjectConfigurationPlatforms) = postSolution
		{AE41B6CA-07DC-4C15-AE79-30EFE66F0043}.Debug|Any CPU.ActiveCfg = Debug|Any CPU
		{AE41B6CA-07DC-4C15-AE79-30EFE66F0043}.Debug|Any CPU.Build.0 = Debug|Any CPU
		{AE41B6CA-07DC-4C15-AE79-30EFE66F0043}.Release|Any CPU.ActiveCfg = Release|Any CPU
		{AE41B6CA-07DC-4C15-AE79-30EFE66F0043}.Release|Any CPU.Build.0 = Release|Any CPU
	EndGlobalSection
	GlobalSection(SolutionProperties) = preSolution
		HideSolutionNode = FALSE
	EndGlobalSection
	GlobalSection(ExtensibilityGlobals) = postSolution
		SolutionGuid = {AFD088E8-BF7F-4FB0-8B26-0F8AF75BDEF8}
	EndGlobalSection
EndGlobal
