
Microsoft Visual Studio Solution File, Format Version 12.00
# Visual Studio Version 16
VisualStudioVersion = 16.0.33214.272
MinimumVisualStudioVersion = 10.0.40219.1
Project("{FAE04EC0-301F-11D3-BF4B-00C04F79EFBC}") = "exercicio19(CEDULA)", "exercicio19(CEDULA).csproj", "{515826D5-8A8C-4053-A32B-14CF51EA2657}"
EndProject
Global
	GlobalSection(SolutionConfigurationPlatforms) = preSolution
		Debug|Any CPU = Debug|Any CPU
		Release|Any CPU = Release|Any CPU
	EndGlobalSection
	GlobalSection(ProjectConfigurationPlatforms) = postSolution
		{515826D5-8A8C-4053-A32B-14CF51EA2657}.Debug|Any CPU.ActiveCfg = Debug|Any CPU
		{515826D5-8A8C-4053-A32B-14CF51EA2657}.Debug|Any CPU.Build.0 = Debug|Any CPU
		{515826D5-8A8C-4053-A32B-14CF51EA2657}.Release|Any CPU.ActiveCfg = Release|Any CPU
		{515826D5-8A8C-4053-A32B-14CF51EA2657}.Release|Any CPU.Build.0 = Release|Any CPU
	EndGlobalSection
	GlobalSection(SolutionProperties) = preSolution
		HideSolutionNode = FALSE
	EndGlobalSection
	GlobalSection(ExtensibilityGlobals) = postSolution
		SolutionGuid = {3271AF3E-F149-457B-B053-D619BCED3FAC}
	EndGlobalSection
EndGlobal
