
Microsoft Visual Studio Solution File, Format Version 12.00
# Visual Studio Version 16
VisualStudioVersion = 16.0.33214.272
MinimumVisualStudioVersion = 10.0.40219.1
Project("{FAE04EC0-301F-11D3-BF4B-00C04F79EFBC}") = "somabasica", "somabasica.csproj", "{054D015D-8A52-4F8A-86B2-2D443BDACD86}"
EndProject
Global
	GlobalSection(SolutionConfigurationPlatforms) = preSolution
		Debug|Any CPU = Debug|Any CPU
		Release|Any CPU = Release|Any CPU
	EndGlobalSection
	GlobalSection(ProjectConfigurationPlatforms) = postSolution
		{054D015D-8A52-4F8A-86B2-2D443BDACD86}.Debug|Any CPU.ActiveCfg = Debug|Any CPU
		{054D015D-8A52-4F8A-86B2-2D443BDACD86}.Debug|Any CPU.Build.0 = Debug|Any CPU
		{054D015D-8A52-4F8A-86B2-2D443BDACD86}.Release|Any CPU.ActiveCfg = Release|Any CPU
		{054D015D-8A52-4F8A-86B2-2D443BDACD86}.Release|Any CPU.Build.0 = Release|Any CPU
	EndGlobalSection
	GlobalSection(SolutionProperties) = preSolution
		HideSolutionNode = FALSE
	EndGlobalSection
	GlobalSection(ExtensibilityGlobals) = postSolution
		SolutionGuid = {6EB0FE89-ABBF-440B-B0A9-B5A9F8EA22F7}
	EndGlobalSection
EndGlobal
