
Microsoft Visual Studio Solution File, Format Version 12.00
# Visual Studio Version 16
VisualStudioVersion = 16.0.33214.272
MinimumVisualStudioVersion = 10.0.40219.1
Project("{FAE04EC0-301F-11D3-BF4B-00C04F79EFBC}") = "exercicio06", "exercicio06.csproj", "{A920CBD9-1A2F-4D6E-BB1C-DD2E162B2DBE}"
EndProject
Global
	GlobalSection(SolutionConfigurationPlatforms) = preSolution
		Debug|Any CPU = Debug|Any CPU
		Release|Any CPU = Release|Any CPU
	EndGlobalSection
	GlobalSection(ProjectConfigurationPlatforms) = postSolution
		{A920CBD9-1A2F-4D6E-BB1C-DD2E162B2DBE}.Debug|Any CPU.ActiveCfg = Debug|Any CPU
		{A920CBD9-1A2F-4D6E-BB1C-DD2E162B2DBE}.Debug|Any CPU.Build.0 = Debug|Any CPU
		{A920CBD9-1A2F-4D6E-BB1C-DD2E162B2DBE}.Release|Any CPU.ActiveCfg = Release|Any CPU
		{A920CBD9-1A2F-4D6E-BB1C-DD2E162B2DBE}.Release|Any CPU.Build.0 = Release|Any CPU
	EndGlobalSection
	GlobalSection(SolutionProperties) = preSolution
		HideSolutionNode = FALSE
	EndGlobalSection
	GlobalSection(ExtensibilityGlobals) = postSolution
		SolutionGuid = {5082710F-D7A0-45F8-AFCF-FCCECF26AF2A}
	EndGlobalSection
EndGlobal
